
Microsoft Visual Studio Solution File, Format Version 12.00
# Visual Studio Version 17
VisualStudioVersion = 17.2.32616.157
MinimumVisualStudioVersion = 10.0.40219.1
Project("{FAE04EC0-301F-11D3-BF4B-00C04F79EFBC}") = "SimpleConsoleHost", "SimpleConsoleHost\SimpleConsoleHost.csproj", "{AD2700BF-A7EC-4258-B429-D2EAD59AC203}"
EndProject
Global
	GlobalSection(SolutionConfigurationPlatforms) = preSolution
		Debug|Any CPU = Debug|Any CPU
		Release|Any CPU = Release|Any CPU
	EndGlobalSection
	GlobalSection(ProjectConfigurationPlatforms) = postSolution
		{AD2700BF-A7EC-4258-B429-D2EAD59AC203}.Debug|Any CPU.ActiveCfg = Debug|Any CPU
		{AD2700BF-A7EC-4258-B429-D2EAD59AC203}.Debug|Any CPU.Build.0 = Debug|Any CPU
		{AD2700BF-A7EC-4258-B429-D2EAD59AC203}.Release|Any CPU.ActiveCfg = Release|Any CPU
		{AD2700BF-A7EC-4258-B429-D2EAD59AC203}.Release|Any CPU.Build.0 = Release|Any CPU
	EndGlobalSection
	GlobalSection(SolutionProperties) = preSolution
		HideSolutionNode = FALSE
	EndGlobalSection
	GlobalSection(ExtensibilityGlobals) = postSolution
		SolutionGuid = {B37C9241-DD35-4E8E-AED3-1229B1816D3A}
	EndGlobalSection
EndGlobal
