
Microsoft Visual Studio Solution File, Format Version 12.00
# Visual Studio Version 17
VisualStudioVersion = 17.7.34031.279
MinimumVisualStudioVersion = 10.0.40219.1
Project("{FAE04EC0-301F-11D3-BF4B-00C04F79EFBC}") = "Sem3Lab9Source1", "Sem3Lab9Source1.csproj", "{4EE73EC3-4C17-45DD-8723-92F5A0579E61}"
EndProject
Global
	GlobalSection(SolutionConfigurationPlatforms) = preSolution
		Debug|Any CPU = Debug|Any CPU
		Release|Any CPU = Release|Any CPU
	EndGlobalSection
	GlobalSection(ProjectConfigurationPlatforms) = postSolution
		{4EE73EC3-4C17-45DD-8723-92F5A0579E61}.Debug|Any CPU.ActiveCfg = Debug|Any CPU
		{4EE73EC3-4C17-45DD-8723-92F5A0579E61}.Debug|Any CPU.Build.0 = Debug|Any CPU
		{4EE73EC3-4C17-45DD-8723-92F5A0579E61}.Release|Any CPU.ActiveCfg = Release|Any CPU
		{4EE73EC3-4C17-45DD-8723-92F5A0579E61}.Release|Any CPU.Build.0 = Release|Any CPU
	EndGlobalSection
	GlobalSection(SolutionProperties) = preSolution
		HideSolutionNode = FALSE
	EndGlobalSection
	GlobalSection(ExtensibilityGlobals) = postSolution
		SolutionGuid = {83ACA219-DA83-46A7-8073-5BCA103131F0}
	EndGlobalSection
EndGlobal
