
Microsoft Visual Studio Solution File, Format Version 12.00
# Visual Studio Version 17
VisualStudioVersion = 17.7.34024.191
MinimumVisualStudioVersion = 10.0.40219.1
Project("{FAE04EC0-301F-11D3-BF4B-00C04F79EFBC}") = "Sem3Lab9", "Sem3Lab9\Sem3Lab9.csproj", "{B90AFFC9-1F2D-4BB5-93A1-06960DEE80F5}"
EndProject
Global
	GlobalSection(SolutionConfigurationPlatforms) = preSolution
		Debug|Any CPU = Debug|Any CPU
		Release|Any CPU = Release|Any CPU
	EndGlobalSection
	GlobalSection(ProjectConfigurationPlatforms) = postSolution
		{B90AFFC9-1F2D-4BB5-93A1-06960DEE80F5}.Debug|Any CPU.ActiveCfg = Debug|Any CPU
		{B90AFFC9-1F2D-4BB5-93A1-06960DEE80F5}.Debug|Any CPU.Build.0 = Debug|Any CPU
		{B90AFFC9-1F2D-4BB5-93A1-06960DEE80F5}.Release|Any CPU.ActiveCfg = Release|Any CPU
		{B90AFFC9-1F2D-4BB5-93A1-06960DEE80F5}.Release|Any CPU.Build.0 = Release|Any CPU
	EndGlobalSection
	GlobalSection(SolutionProperties) = preSolution
		HideSolutionNode = FALSE
	EndGlobalSection
	GlobalSection(ExtensibilityGlobals) = postSolution
		SolutionGuid = {5A0D952B-0C4F-4B6E-BF21-6D8F9B54EB0D}
	EndGlobalSection
EndGlobal
