
Microsoft Visual Studio Solution File, Format Version 12.00
# Visual Studio Version 17
VisualStudioVersion = 17.7.34024.191
MinimumVisualStudioVersion = 10.0.40219.1
Project("{FAE04EC0-301F-11D3-BF4B-00C04F79EFBC}") = "Sem3Lab9Source2", "Sem3Lab9Source2\Sem3Lab9Source2.csproj", "{4CBA1121-818E-4F32-B398-94967510DA9A}"
EndProject
Global
	GlobalSection(SolutionConfigurationPlatforms) = preSolution
		Debug|Any CPU = Debug|Any CPU
		Release|Any CPU = Release|Any CPU
	EndGlobalSection
	GlobalSection(ProjectConfigurationPlatforms) = postSolution
		{4CBA1121-818E-4F32-B398-94967510DA9A}.Debug|Any CPU.ActiveCfg = Debug|Any CPU
		{4CBA1121-818E-4F32-B398-94967510DA9A}.Debug|Any CPU.Build.0 = Debug|Any CPU
		{4CBA1121-818E-4F32-B398-94967510DA9A}.Release|Any CPU.ActiveCfg = Release|Any CPU
		{4CBA1121-818E-4F32-B398-94967510DA9A}.Release|Any CPU.Build.0 = Release|Any CPU
	EndGlobalSection
	GlobalSection(SolutionProperties) = preSolution
		HideSolutionNode = FALSE
	EndGlobalSection
	GlobalSection(ExtensibilityGlobals) = postSolution
		SolutionGuid = {0536F82A-2469-453B-AA02-EDCC7C9BB5B1}
	EndGlobalSection
EndGlobal
