
Microsoft Visual Studio Solution File, Format Version 12.00
# Visual Studio Version 17
VisualStudioVersion = 17.2.32616.157
MinimumVisualStudioVersion = 10.0.40219.1
Project("{FAE04EC0-301F-11D3-BF4B-00C04F79EFBC}") = "Snippet03", "Snippet03\Snippet03.csproj", "{5F1411A1-EDE7-4C2F-B7B5-88CD02F29975}"
EndProject
Global
	GlobalSection(SolutionConfigurationPlatforms) = preSolution
		Debug|Any CPU = Debug|Any CPU
		Release|Any CPU = Release|Any CPU
	EndGlobalSection
	GlobalSection(ProjectConfigurationPlatforms) = postSolution
		{5F1411A1-EDE7-4C2F-B7B5-88CD02F29975}.Debug|Any CPU.ActiveCfg = Debug|Any CPU
		{5F1411A1-EDE7-4C2F-B7B5-88CD02F29975}.Debug|Any CPU.Build.0 = Debug|Any CPU
		{5F1411A1-EDE7-4C2F-B7B5-88CD02F29975}.Release|Any CPU.ActiveCfg = Release|Any CPU
		{5F1411A1-EDE7-4C2F-B7B5-88CD02F29975}.Release|Any CPU.Build.0 = Release|Any CPU
	EndGlobalSection
	GlobalSection(SolutionProperties) = preSolution
		HideSolutionNode = FALSE
	EndGlobalSection
	GlobalSection(ExtensibilityGlobals) = postSolution
		SolutionGuid = {84E08CD2-68CC-412C-AA6D-BBC4DC3D0596}
	EndGlobalSection
EndGlobal
