
Microsoft Visual Studio Solution File, Format Version 12.00
# Visual Studio Version 17
VisualStudioVersion = 17.0.32014.148
MinimumVisualStudioVersion = 10.0.40219.1
Project("{9A19103F-16F7-4668-BE54-9A1E7A4F7556}") = "Lec01", "Lec01\Lec01.csproj", "{651FFF5F-EAFC-48CE-ADD1-0B551DD25D1C}"
EndProject
Project("{9A19103F-16F7-4668-BE54-9A1E7A4F7556}") = "Snippet01", "Snippet01\Snippet01.csproj", "{45667978-A462-4797-9A6C-125CA31B0D03}"
EndProject
Project("{9A19103F-16F7-4668-BE54-9A1E7A4F7556}") = "Snippet02", "Snippet02\Snippet02.csproj", "{039A0C58-9D81-4555-9BA6-8D662A183692}"
EndProject
Project("{9A19103F-16F7-4668-BE54-9A1E7A4F7556}") = "Snippet03", "Snippet03\Snippet03.csproj", "{49BDA293-770D-40BA-91C3-E17400AB406D}"
EndProject
Project("{9A19103F-16F7-4668-BE54-9A1E7A4F7556}") = "Snippet04", "Snippet04\Snippet04.csproj", "{02D3C6CA-0582-4028-B132-FFE3C2654BA7}"
EndProject
Project("{9A19103F-16F7-4668-BE54-9A1E7A4F7556}") = "Snippet05", "Snippet05\Snippet05.csproj", "{F27B7559-02EF-4307-A512-830A002235F1}"
EndProject
Project("{9A19103F-16F7-4668-BE54-9A1E7A4F7556}") = "Snippet06", "Snippet06\Snippet06.csproj", "{815C8D75-EF38-4248-B705-39E969A8F040}"
EndProject
Project("{9A19103F-16F7-4668-BE54-9A1E7A4F7556}") = "Snippet07", "Snippet07\Snippet07.csproj", "{878F8C09-E82D-4282-8B9D-F708749CCCD1}"
EndProject
Project("{9A19103F-16F7-4668-BE54-9A1E7A4F7556}") = "Snippet08", "Snippet08\Snippet08.csproj", "{F254F2BD-14BD-4086-B413-3F6A44506AEB}"
EndProject
Project("{9A19103F-16F7-4668-BE54-9A1E7A4F7556}") = "Snippet09", "Snippet09\Snippet09.csproj", "{7F69B55E-AFA9-43FC-9942-FEF5B6C9ACD5}"
EndProject
Project("{9A19103F-16F7-4668-BE54-9A1E7A4F7556}") = "Snippet10", "Snippet10\Snippet10.csproj", "{3EA957ED-B22F-4BC2-86C3-AD083EA796B8}"
EndProject
Project("{9A19103F-16F7-4668-BE54-9A1E7A4F7556}") = "Snippet11", "Snippet11\Snippet11.csproj", "{F2E2F743-773C-4AD2-9715-44C95186D00F}"
EndProject
Project("{9A19103F-16F7-4668-BE54-9A1E7A4F7556}") = "Snippet12", "Snippet12\Snippet12.csproj", "{E730E4AA-32B3-4FFE-8C33-4470A1909C79}"
EndProject
Project("{9A19103F-16F7-4668-BE54-9A1E7A4F7556}") = "Snippet13", "Snippet13\Snippet13.csproj", "{7CCC259B-2ABB-4E42-9532-9EC395FDED10}"
EndProject
Project("{9A19103F-16F7-4668-BE54-9A1E7A4F7556}") = "Snippet14", "Snippet14\Snippet14.csproj", "{73D8ED91-0D6D-48C4-A1FB-490CC6E3103F}"
EndProject
Project("{9A19103F-16F7-4668-BE54-9A1E7A4F7556}") = "Snippet15", "Snippet15\Snippet15.csproj", "{4E423F2F-2A1E-491B-B9FD-FCD8F81A4CFE}"
EndProject
Project("{9A19103F-16F7-4668-BE54-9A1E7A4F7556}") = "Snippet16", "Snippet16\Snippet16.csproj", "{C8B8EA6F-3D10-493A-844A-A2BCAE9F044D}"
EndProject
Project("{9A19103F-16F7-4668-BE54-9A1E7A4F7556}") = "RegularExpressions", "RegularExpressions\RegularExpressions.csproj", "{A03590E3-1BF3-479B-81B5-FEF0E3545DE1}"
EndProject
Project("{FAE04EC0-301F-11D3-BF4B-00C04F79EFBC}") = "Snippet17", "Snippet17\Snippet17.csproj", "{BD8047FD-32F2-41FA-B915-C070BFDC13C2}"
EndProject
Global
	GlobalSection(SolutionConfigurationPlatforms) = preSolution
		Debug|Any CPU = Debug|Any CPU
		Release|Any CPU = Release|Any CPU
	EndGlobalSection
	GlobalSection(ProjectConfigurationPlatforms) = postSolution
		{651FFF5F-EAFC-48CE-ADD1-0B551DD25D1C}.Debug|Any CPU.ActiveCfg = Debug|Any CPU
		{651FFF5F-EAFC-48CE-ADD1-0B551DD25D1C}.Debug|Any CPU.Build.0 = Debug|Any CPU
		{651FFF5F-EAFC-48CE-ADD1-0B551DD25D1C}.Release|Any CPU.ActiveCfg = Release|Any CPU
		{651FFF5F-EAFC-48CE-ADD1-0B551DD25D1C}.Release|Any CPU.Build.0 = Release|Any CPU
		{45667978-A462-4797-9A6C-125CA31B0D03}.Debug|Any CPU.ActiveCfg = Debug|Any CPU
		{45667978-A462-4797-9A6C-125CA31B0D03}.Debug|Any CPU.Build.0 = Debug|Any CPU
		{45667978-A462-4797-9A6C-125CA31B0D03}.Release|Any CPU.ActiveCfg = Release|Any CPU
		{45667978-A462-4797-9A6C-125CA31B0D03}.Release|Any CPU.Build.0 = Release|Any CPU
		{039A0C58-9D81-4555-9BA6-8D662A183692}.Debug|Any CPU.ActiveCfg = Debug|Any CPU
		{039A0C58-9D81-4555-9BA6-8D662A183692}.Debug|Any CPU.Build.0 = Debug|Any CPU
		{039A0C58-9D81-4555-9BA6-8D662A183692}.Release|Any CPU.ActiveCfg = Release|Any CPU
		{039A0C58-9D81-4555-9BA6-8D662A183692}.Release|Any CPU.Build.0 = Release|Any CPU
		{49BDA293-770D-40BA-91C3-E17400AB406D}.Debug|Any CPU.ActiveCfg = Debug|Any CPU
		{49BDA293-770D-40BA-91C3-E17400AB406D}.Debug|Any CPU.Build.0 = Debug|Any CPU
		{49BDA293-770D-40BA-91C3-E17400AB406D}.Release|Any CPU.ActiveCfg = Release|Any CPU
		{49BDA293-770D-40BA-91C3-E17400AB406D}.Release|Any CPU.Build.0 = Release|Any CPU
		{02D3C6CA-0582-4028-B132-FFE3C2654BA7}.Debug|Any CPU.ActiveCfg = Debug|Any CPU
		{02D3C6CA-0582-4028-B132-FFE3C2654BA7}.Debug|Any CPU.Build.0 = Debug|Any CPU
		{02D3C6CA-0582-4028-B132-FFE3C2654BA7}.Release|Any CPU.ActiveCfg = Release|Any CPU
		{02D3C6CA-0582-4028-B132-FFE3C2654BA7}.Release|Any CPU.Build.0 = Release|Any CPU
		{F27B7559-02EF-4307-A512-830A002235F1}.Debug|Any CPU.ActiveCfg = Debug|Any CPU
		{F27B7559-02EF-4307-A512-830A002235F1}.Debug|Any CPU.Build.0 = Debug|Any CPU
		{F27B7559-02EF-4307-A512-830A002235F1}.Release|Any CPU.ActiveCfg = Release|Any CPU
		{F27B7559-02EF-4307-A512-830A002235F1}.Release|Any CPU.Build.0 = Release|Any CPU
		{815C8D75-EF38-4248-B705-39E969A8F040}.Debug|Any CPU.ActiveCfg = Debug|Any CPU
		{815C8D75-EF38-4248-B705-39E969A8F040}.Debug|Any CPU.Build.0 = Debug|Any CPU
		{815C8D75-EF38-4248-B705-39E969A8F040}.Release|Any CPU.ActiveCfg = Release|Any CPU
		{815C8D75-EF38-4248-B705-39E969A8F040}.Release|Any CPU.Build.0 = Release|Any CPU
		{878F8C09-E82D-4282-8B9D-F708749CCCD1}.Debug|Any CPU.ActiveCfg = Debug|Any CPU
		{878F8C09-E82D-4282-8B9D-F708749CCCD1}.Debug|Any CPU.Build.0 = Debug|Any CPU
		{878F8C09-E82D-4282-8B9D-F708749CCCD1}.Release|Any CPU.ActiveCfg = Release|Any CPU
		{878F8C09-E82D-4282-8B9D-F708749CCCD1}.Release|Any CPU.Build.0 = Release|Any CPU
		{F254F2BD-14BD-4086-B413-3F6A44506AEB}.Debug|Any CPU.ActiveCfg = Debug|Any CPU
		{F254F2BD-14BD-4086-B413-3F6A44506AEB}.Debug|Any CPU.Build.0 = Debug|Any CPU
		{F254F2BD-14BD-4086-B413-3F6A44506AEB}.Release|Any CPU.ActiveCfg = Release|Any CPU
		{F254F2BD-14BD-4086-B413-3F6A44506AEB}.Release|Any CPU.Build.0 = Release|Any CPU
		{7F69B55E-AFA9-43FC-9942-FEF5B6C9ACD5}.Debug|Any CPU.ActiveCfg = Debug|Any CPU
		{7F69B55E-AFA9-43FC-9942-FEF5B6C9ACD5}.Debug|Any CPU.Build.0 = Debug|Any CPU
		{7F69B55E-AFA9-43FC-9942-FEF5B6C9ACD5}.Release|Any CPU.ActiveCfg = Release|Any CPU
		{7F69B55E-AFA9-43FC-9942-FEF5B6C9ACD5}.Release|Any CPU.Build.0 = Release|Any CPU
		{3EA957ED-B22F-4BC2-86C3-AD083EA796B8}.Debug|Any CPU.ActiveCfg = Debug|Any CPU
		{3EA957ED-B22F-4BC2-86C3-AD083EA796B8}.Debug|Any CPU.Build.0 = Debug|Any CPU
		{3EA957ED-B22F-4BC2-86C3-AD083EA796B8}.Release|Any CPU.ActiveCfg = Release|Any CPU
		{3EA957ED-B22F-4BC2-86C3-AD083EA796B8}.Release|Any CPU.Build.0 = Release|Any CPU
		{F2E2F743-773C-4AD2-9715-44C95186D00F}.Debug|Any CPU.ActiveCfg = Debug|Any CPU
		{F2E2F743-773C-4AD2-9715-44C95186D00F}.Debug|Any CPU.Build.0 = Debug|Any CPU
		{F2E2F743-773C-4AD2-9715-44C95186D00F}.Release|Any CPU.ActiveCfg = Release|Any CPU
		{F2E2F743-773C-4AD2-9715-44C95186D00F}.Release|Any CPU.Build.0 = Release|Any CPU
		{E730E4AA-32B3-4FFE-8C33-4470A1909C79}.Debug|Any CPU.ActiveCfg = Debug|Any CPU
		{E730E4AA-32B3-4FFE-8C33-4470A1909C79}.Debug|Any CPU.Build.0 = Debug|Any CPU
		{E730E4AA-32B3-4FFE-8C33-4470A1909C79}.Release|Any CPU.ActiveCfg = Release|Any CPU
		{E730E4AA-32B3-4FFE-8C33-4470A1909C79}.Release|Any CPU.Build.0 = Release|Any CPU
		{7CCC259B-2ABB-4E42-9532-9EC395FDED10}.Debug|Any CPU.ActiveCfg = Debug|Any CPU
		{7CCC259B-2ABB-4E42-9532-9EC395FDED10}.Debug|Any CPU.Build.0 = Debug|Any CPU
		{7CCC259B-2ABB-4E42-9532-9EC395FDED10}.Release|Any CPU.ActiveCfg = Release|Any CPU
		{7CCC259B-2ABB-4E42-9532-9EC395FDED10}.Release|Any CPU.Build.0 = Release|Any CPU
		{73D8ED91-0D6D-48C4-A1FB-490CC6E3103F}.Debug|Any CPU.ActiveCfg = Debug|Any CPU
		{73D8ED91-0D6D-48C4-A1FB-490CC6E3103F}.Debug|Any CPU.Build.0 = Debug|Any CPU
		{73D8ED91-0D6D-48C4-A1FB-490CC6E3103F}.Release|Any CPU.ActiveCfg = Release|Any CPU
		{73D8ED91-0D6D-48C4-A1FB-490CC6E3103F}.Release|Any CPU.Build.0 = Release|Any CPU
		{4E423F2F-2A1E-491B-B9FD-FCD8F81A4CFE}.Debug|Any CPU.ActiveCfg = Debug|Any CPU
		{4E423F2F-2A1E-491B-B9FD-FCD8F81A4CFE}.Debug|Any CPU.Build.0 = Debug|Any CPU
		{4E423F2F-2A1E-491B-B9FD-FCD8F81A4CFE}.Release|Any CPU.ActiveCfg = Release|Any CPU
		{4E423F2F-2A1E-491B-B9FD-FCD8F81A4CFE}.Release|Any CPU.Build.0 = Release|Any CPU
		{C8B8EA6F-3D10-493A-844A-A2BCAE9F044D}.Debug|Any CPU.ActiveCfg = Debug|Any CPU
		{C8B8EA6F-3D10-493A-844A-A2BCAE9F044D}.Debug|Any CPU.Build.0 = Debug|Any CPU
		{C8B8EA6F-3D10-493A-844A-A2BCAE9F044D}.Release|Any CPU.ActiveCfg = Release|Any CPU
		{C8B8EA6F-3D10-493A-844A-A2BCAE9F044D}.Release|Any CPU.Build.0 = Release|Any CPU
		{A03590E3-1BF3-479B-81B5-FEF0E3545DE1}.Debug|Any CPU.ActiveCfg = Debug|Any CPU
		{A03590E3-1BF3-479B-81B5-FEF0E3545DE1}.Debug|Any CPU.Build.0 = Debug|Any CPU
		{A03590E3-1BF3-479B-81B5-FEF0E3545DE1}.Release|Any CPU.ActiveCfg = Release|Any CPU
		{A03590E3-1BF3-479B-81B5-FEF0E3545DE1}.Release|Any CPU.Build.0 = Release|Any CPU
		{BD8047FD-32F2-41FA-B915-C070BFDC13C2}.Debug|Any CPU.ActiveCfg = Debug|Any CPU
		{BD8047FD-32F2-41FA-B915-C070BFDC13C2}.Debug|Any CPU.Build.0 = Debug|Any CPU
		{BD8047FD-32F2-41FA-B915-C070BFDC13C2}.Release|Any CPU.ActiveCfg = Release|Any CPU
		{BD8047FD-32F2-41FA-B915-C070BFDC13C2}.Release|Any CPU.Build.0 = Release|Any CPU
	EndGlobalSection
	GlobalSection(SolutionProperties) = preSolution
		HideSolutionNode = FALSE
	EndGlobalSection
	GlobalSection(ExtensibilityGlobals) = postSolution
		SolutionGuid = {F319E08C-FBAB-4B86-B774-96960839A3F1}
	EndGlobalSection
EndGlobal
