
Microsoft Visual Studio Solution File, Format Version 12.00
# Visual Studio Version 17
VisualStudioVersion = 17.7.34024.191
MinimumVisualStudioVersion = 10.0.40219.1
Project("{FAE04EC0-301F-11D3-BF4B-00C04F79EFBC}") = "Sem3Lab3Source2", "Sem3Lab3Source2\Sem3Lab3Source2.csproj", "{6277C0E3-5269-481C-8C5E-DBE83F22104E}"
EndProject
Global
	GlobalSection(SolutionConfigurationPlatforms) = preSolution
		Debug|Any CPU = Debug|Any CPU
		Release|Any CPU = Release|Any CPU
	EndGlobalSection
	GlobalSection(ProjectConfigurationPlatforms) = postSolution
		{6277C0E3-5269-481C-8C5E-DBE83F22104E}.Debug|Any CPU.ActiveCfg = Debug|Any CPU
		{6277C0E3-5269-481C-8C5E-DBE83F22104E}.Debug|Any CPU.Build.0 = Debug|Any CPU
		{6277C0E3-5269-481C-8C5E-DBE83F22104E}.Release|Any CPU.ActiveCfg = Release|Any CPU
		{6277C0E3-5269-481C-8C5E-DBE83F22104E}.Release|Any CPU.Build.0 = Release|Any CPU
	EndGlobalSection
	GlobalSection(SolutionProperties) = preSolution
		HideSolutionNode = FALSE
	EndGlobalSection
	GlobalSection(ExtensibilityGlobals) = postSolution
		SolutionGuid = {4A46585A-95B8-49C3-97ED-FF4B243D5BE1}
	EndGlobalSection
EndGlobal
