
Microsoft Visual Studio Solution File, Format Version 12.00
# Visual Studio Version 17
VisualStudioVersion = 17.5.33530.505
MinimumVisualStudioVersion = 10.0.40219.1
Project("{FAE04EC0-301F-11D3-BF4B-00C04F79EFBC}") = "HWApp.Android", "HWApp.Android\HWApp.Android.csproj", "{A639E273-2845-4007-B779-A80A00E8CB8B}"
EndProject
Project("{FAE04EC0-301F-11D3-BF4B-00C04F79EFBC}") = "HWApp.iOS", "HWApp.iOS\HWApp.iOS.csproj", "{BA8D0C71-0AFE-4466-AE1F-C4B01A8B326E}"
EndProject
Project("{FAE04EC0-301F-11D3-BF4B-00C04F79EFBC}") = "HWApp", "HWApp\HWApp.csproj", "{4841190B-4D29-4BCF-97B7-2B546A9618E0}"
EndProject
Global
	GlobalSection(SolutionConfigurationPlatforms) = preSolution
		Debug|Any CPU = Debug|Any CPU
		Debug|iPhone = Debug|iPhone
		Debug|iPhoneSimulator = Debug|iPhoneSimulator
		Release|Any CPU = Release|Any CPU
		Release|iPhone = Release|iPhone
		Release|iPhoneSimulator = Release|iPhoneSimulator
	EndGlobalSection
	GlobalSection(ProjectConfigurationPlatforms) = postSolution
		{A639E273-2845-4007-B779-A80A00E8CB8B}.Debug|Any CPU.ActiveCfg = Debug|Any CPU
		{A639E273-2845-4007-B779-A80A00E8CB8B}.Debug|Any CPU.Build.0 = Debug|Any CPU
		{A639E273-2845-4007-B779-A80A00E8CB8B}.Debug|Any CPU.Deploy.0 = Debug|Any CPU
		{A639E273-2845-4007-B779-A80A00E8CB8B}.Debug|iPhone.ActiveCfg = Debug|Any CPU
		{A639E273-2845-4007-B779-A80A00E8CB8B}.Debug|iPhone.Build.0 = Debug|Any CPU
		{A639E273-2845-4007-B779-A80A00E8CB8B}.Debug|iPhone.Deploy.0 = Debug|Any CPU
		{A639E273-2845-4007-B779-A80A00E8CB8B}.Debug|iPhoneSimulator.ActiveCfg = Debug|Any CPU
		{A639E273-2845-4007-B779-A80A00E8CB8B}.Debug|iPhoneSimulator.Build.0 = Debug|Any CPU
		{A639E273-2845-4007-B779-A80A00E8CB8B}.Debug|iPhoneSimulator.Deploy.0 = Debug|Any CPU
		{A639E273-2845-4007-B779-A80A00E8CB8B}.Release|Any CPU.ActiveCfg = Release|Any CPU
		{A639E273-2845-4007-B779-A80A00E8CB8B}.Release|Any CPU.Build.0 = Release|Any CPU
		{A639E273-2845-4007-B779-A80A00E8CB8B}.Release|Any CPU.Deploy.0 = Release|Any CPU
		{A639E273-2845-4007-B779-A80A00E8CB8B}.Release|iPhone.ActiveCfg = Release|Any CPU
		{A639E273-2845-4007-B779-A80A00E8CB8B}.Release|iPhone.Build.0 = Release|Any CPU
		{A639E273-2845-4007-B779-A80A00E8CB8B}.Release|iPhone.Deploy.0 = Release|Any CPU
		{A639E273-2845-4007-B779-A80A00E8CB8B}.Release|iPhoneSimulator.ActiveCfg = Release|Any CPU
		{A639E273-2845-4007-B779-A80A00E8CB8B}.Release|iPhoneSimulator.Build.0 = Release|Any CPU
		{A639E273-2845-4007-B779-A80A00E8CB8B}.Release|iPhoneSimulator.Deploy.0 = Release|Any CPU
		{BA8D0C71-0AFE-4466-AE1F-C4B01A8B326E}.Debug|Any CPU.ActiveCfg = Debug|iPhone
		{BA8D0C71-0AFE-4466-AE1F-C4B01A8B326E}.Debug|Any CPU.Build.0 = Debug|iPhone
		{BA8D0C71-0AFE-4466-AE1F-C4B01A8B326E}.Debug|Any CPU.Deploy.0 = Debug|iPhone
		{BA8D0C71-0AFE-4466-AE1F-C4B01A8B326E}.Debug|iPhone.ActiveCfg = Debug|iPhone
		{BA8D0C71-0AFE-4466-AE1F-C4B01A8B326E}.Debug|iPhone.Build.0 = Debug|iPhone
		{BA8D0C71-0AFE-4466-AE1F-C4B01A8B326E}.Debug|iPhone.Deploy.0 = Debug|iPhone
		{BA8D0C71-0AFE-4466-AE1F-C4B01A8B326E}.Debug|iPhoneSimulator.ActiveCfg = Debug|iPhoneSimulator
		{BA8D0C71-0AFE-4466-AE1F-C4B01A8B326E}.Debug|iPhoneSimulator.Build.0 = Debug|iPhoneSimulator
		{BA8D0C71-0AFE-4466-AE1F-C4B01A8B326E}.Debug|iPhoneSimulator.Deploy.0 = Debug|iPhoneSimulator
		{BA8D0C71-0AFE-4466-AE1F-C4B01A8B326E}.Release|Any CPU.ActiveCfg = Release|iPhoneSimulator
		{BA8D0C71-0AFE-4466-AE1F-C4B01A8B326E}.Release|Any CPU.Build.0 = Release|iPhoneSimulator
		{BA8D0C71-0AFE-4466-AE1F-C4B01A8B326E}.Release|Any CPU.Deploy.0 = Release|iPhoneSimulator
		{BA8D0C71-0AFE-4466-AE1F-C4B01A8B326E}.Release|iPhone.ActiveCfg = Release|iPhone
		{BA8D0C71-0AFE-4466-AE1F-C4B01A8B326E}.Release|iPhone.Build.0 = Release|iPhone
		{BA8D0C71-0AFE-4466-AE1F-C4B01A8B326E}.Release|iPhone.Deploy.0 = Release|iPhone
		{BA8D0C71-0AFE-4466-AE1F-C4B01A8B326E}.Release|iPhoneSimulator.ActiveCfg = Release|iPhoneSimulator
		{BA8D0C71-0AFE-4466-AE1F-C4B01A8B326E}.Release|iPhoneSimulator.Build.0 = Release|iPhoneSimulator
		{BA8D0C71-0AFE-4466-AE1F-C4B01A8B326E}.Release|iPhoneSimulator.Deploy.0 = Release|iPhoneSimulator
		{4841190B-4D29-4BCF-97B7-2B546A9618E0}.Debug|Any CPU.ActiveCfg = Debug|Any CPU
		{4841190B-4D29-4BCF-97B7-2B546A9618E0}.Debug|Any CPU.Build.0 = Debug|Any CPU
		{4841190B-4D29-4BCF-97B7-2B546A9618E0}.Debug|Any CPU.Deploy.0 = Debug|Any CPU
		{4841190B-4D29-4BCF-97B7-2B546A9618E0}.Debug|iPhone.ActiveCfg = Debug|Any CPU
		{4841190B-4D29-4BCF-97B7-2B546A9618E0}.Debug|iPhone.Build.0 = Debug|Any CPU
		{4841190B-4D29-4BCF-97B7-2B546A9618E0}.Debug|iPhone.Deploy.0 = Debug|Any CPU
		{4841190B-4D29-4BCF-97B7-2B546A9618E0}.Debug|iPhoneSimulator.ActiveCfg = Debug|Any CPU
		{4841190B-4D29-4BCF-97B7-2B546A9618E0}.Debug|iPhoneSimulator.Build.0 = Debug|Any CPU
		{4841190B-4D29-4BCF-97B7-2B546A9618E0}.Debug|iPhoneSimulator.Deploy.0 = Debug|Any CPU
		{4841190B-4D29-4BCF-97B7-2B546A9618E0}.Release|Any CPU.ActiveCfg = Release|Any CPU
		{4841190B-4D29-4BCF-97B7-2B546A9618E0}.Release|Any CPU.Build.0 = Release|Any CPU
		{4841190B-4D29-4BCF-97B7-2B546A9618E0}.Release|Any CPU.Deploy.0 = Release|Any CPU
		{4841190B-4D29-4BCF-97B7-2B546A9618E0}.Release|iPhone.ActiveCfg = Release|Any CPU
		{4841190B-4D29-4BCF-97B7-2B546A9618E0}.Release|iPhone.Build.0 = Release|Any CPU
		{4841190B-4D29-4BCF-97B7-2B546A9618E0}.Release|iPhone.Deploy.0 = Release|Any CPU
		{4841190B-4D29-4BCF-97B7-2B546A9618E0}.Release|iPhoneSimulator.ActiveCfg = Release|Any CPU
		{4841190B-4D29-4BCF-97B7-2B546A9618E0}.Release|iPhoneSimulator.Build.0 = Release|Any CPU
		{4841190B-4D29-4BCF-97B7-2B546A9618E0}.Release|iPhoneSimulator.Deploy.0 = Release|Any CPU
	EndGlobalSection
	GlobalSection(SolutionProperties) = preSolution
		HideSolutionNode = FALSE
	EndGlobalSection
	GlobalSection(ExtensibilityGlobals) = postSolution
		SolutionGuid = {7E507E5A-9941-4D93-8F62-F79A4161E308}
	EndGlobalSection
EndGlobal
