
Microsoft Visual Studio Solution File, Format Version 12.00
# Visual Studio Version 17
VisualStudioVersion = 17.0.32014.148
MinimumVisualStudioVersion = 10.0.40219.1
Project("{9A19103F-16F7-4668-BE54-9A1E7A4F7556}") = "Snippet01", "Lec05\Snippet01.csproj", "{0F735DE9-4A29-4ABC-ADE6-BCBE5E68454E}"
EndProject
Project("{FAE04EC0-301F-11D3-BF4B-00C04F79EFBC}") = "Snippet02", "Snippet02\Snippet02.csproj", "{9C88D121-1121-481E-B3AA-F1660465FD2A}"
EndProject
Project("{FAE04EC0-301F-11D3-BF4B-00C04F79EFBC}") = "Snippet03", "Snippet03\Snippet03.csproj", "{EB23AF81-712C-4130-A5F9-37D4DF5FAF78}"
EndProject
Project("{FAE04EC0-301F-11D3-BF4B-00C04F79EFBC}") = "Snippet04", "Snippet04\Snippet04.csproj", "{2B78728C-D810-4EEE-944F-5EA4D2B65DA2}"
EndProject
Project("{FAE04EC0-301F-11D3-BF4B-00C04F79EFBC}") = "Snippet05", "Snippet05\Snippet05.csproj", "{9429A8BD-8ECB-4BF6-8E09-4653E95771A7}"
EndProject
Project("{FAE04EC0-301F-11D3-BF4B-00C04F79EFBC}") = "Snippet06", "Snippet06\Snippet06.csproj", "{A6B575FF-908F-49A8-BDFD-678DB42BBF6D}"
EndProject
Project("{FAE04EC0-301F-11D3-BF4B-00C04F79EFBC}") = "Snippet07", "Snippet07\Snippet07.csproj", "{D94A245F-E5DD-410A-A254-0E3DE881B610}"
EndProject
Project("{FAE04EC0-301F-11D3-BF4B-00C04F79EFBC}") = "Snippet08", "Snippet08\Snippet08.csproj", "{B5193EA8-2881-4A09-9F38-CE2BD2609E32}"
EndProject
Project("{FAE04EC0-301F-11D3-BF4B-00C04F79EFBC}") = "Snippet09", "Snippet09\Snippet09.csproj", "{25F4FFCC-97E8-4E4D-B5FE-02EE2561176E}"
EndProject
Project("{FAE04EC0-301F-11D3-BF4B-00C04F79EFBC}") = "Snippet10", "Snippet10\Snippet10.csproj", "{FEDD86FE-3734-4C47-B21C-320C39578007}"
EndProject
Project("{FAE04EC0-301F-11D3-BF4B-00C04F79EFBC}") = "Snippet11", "Snippet11\Snippet11.csproj", "{67360AEC-234C-4F28-97E4-3167403C9FD7}"
EndProject
Project("{FAE04EC0-301F-11D3-BF4B-00C04F79EFBC}") = "Snippet12", "Snippet12\Snippet12.csproj", "{BC838F2D-D27F-4601-9915-24960D47DB03}"
EndProject
Project("{FAE04EC0-301F-11D3-BF4B-00C04F79EFBC}") = "Snippet13", "Snippet13\Snippet13.csproj", "{EF77EF5D-8480-41B9-9249-F52F3ABF2183}"
EndProject
Project("{FAE04EC0-301F-11D3-BF4B-00C04F79EFBC}") = "Snippet14", "Snippet14\Snippet14.csproj", "{E12B7ACC-256B-4397-BAAC-C6B822958989}"
EndProject
Project("{FAE04EC0-301F-11D3-BF4B-00C04F79EFBC}") = "Snippet15", "Snippet15\Snippet15.csproj", "{4AC935E1-679B-45A9-A03C-074F46FA7698}"
EndProject
Project("{FAE04EC0-301F-11D3-BF4B-00C04F79EFBC}") = "Snippet16", "Snippet16\Snippet16.csproj", "{E9E6119D-04B6-43E0-BF29-5A05CC43BA0D}"
EndProject
Project("{FAE04EC0-301F-11D3-BF4B-00C04F79EFBC}") = "Snippet17", "Snippet17\Snippet17.csproj", "{514491A3-537B-419B-9F1A-E7642C448947}"
EndProject
Project("{FAE04EC0-301F-11D3-BF4B-00C04F79EFBC}") = "Snippet18", "Snippet18\Snippet18.csproj", "{8578521B-8180-48E4-A4D7-6C6BA40A13F6}"
EndProject
Global
	GlobalSection(SolutionConfigurationPlatforms) = preSolution
		Debug|Any CPU = Debug|Any CPU
		Release|Any CPU = Release|Any CPU
	EndGlobalSection
	GlobalSection(ProjectConfigurationPlatforms) = postSolution
		{0F735DE9-4A29-4ABC-ADE6-BCBE5E68454E}.Debug|Any CPU.ActiveCfg = Debug|Any CPU
		{0F735DE9-4A29-4ABC-ADE6-BCBE5E68454E}.Debug|Any CPU.Build.0 = Debug|Any CPU
		{0F735DE9-4A29-4ABC-ADE6-BCBE5E68454E}.Release|Any CPU.ActiveCfg = Release|Any CPU
		{0F735DE9-4A29-4ABC-ADE6-BCBE5E68454E}.Release|Any CPU.Build.0 = Release|Any CPU
		{9C88D121-1121-481E-B3AA-F1660465FD2A}.Debug|Any CPU.ActiveCfg = Debug|Any CPU
		{9C88D121-1121-481E-B3AA-F1660465FD2A}.Debug|Any CPU.Build.0 = Debug|Any CPU
		{9C88D121-1121-481E-B3AA-F1660465FD2A}.Release|Any CPU.ActiveCfg = Release|Any CPU
		{9C88D121-1121-481E-B3AA-F1660465FD2A}.Release|Any CPU.Build.0 = Release|Any CPU
		{EB23AF81-712C-4130-A5F9-37D4DF5FAF78}.Debug|Any CPU.ActiveCfg = Debug|Any CPU
		{EB23AF81-712C-4130-A5F9-37D4DF5FAF78}.Debug|Any CPU.Build.0 = Debug|Any CPU
		{EB23AF81-712C-4130-A5F9-37D4DF5FAF78}.Release|Any CPU.ActiveCfg = Release|Any CPU
		{EB23AF81-712C-4130-A5F9-37D4DF5FAF78}.Release|Any CPU.Build.0 = Release|Any CPU
		{2B78728C-D810-4EEE-944F-5EA4D2B65DA2}.Debug|Any CPU.ActiveCfg = Debug|Any CPU
		{2B78728C-D810-4EEE-944F-5EA4D2B65DA2}.Debug|Any CPU.Build.0 = Debug|Any CPU
		{2B78728C-D810-4EEE-944F-5EA4D2B65DA2}.Release|Any CPU.ActiveCfg = Release|Any CPU
		{2B78728C-D810-4EEE-944F-5EA4D2B65DA2}.Release|Any CPU.Build.0 = Release|Any CPU
		{9429A8BD-8ECB-4BF6-8E09-4653E95771A7}.Debug|Any CPU.ActiveCfg = Debug|Any CPU
		{9429A8BD-8ECB-4BF6-8E09-4653E95771A7}.Debug|Any CPU.Build.0 = Debug|Any CPU
		{9429A8BD-8ECB-4BF6-8E09-4653E95771A7}.Release|Any CPU.ActiveCfg = Release|Any CPU
		{9429A8BD-8ECB-4BF6-8E09-4653E95771A7}.Release|Any CPU.Build.0 = Release|Any CPU
		{A6B575FF-908F-49A8-BDFD-678DB42BBF6D}.Debug|Any CPU.ActiveCfg = Debug|Any CPU
		{A6B575FF-908F-49A8-BDFD-678DB42BBF6D}.Debug|Any CPU.Build.0 = Debug|Any CPU
		{A6B575FF-908F-49A8-BDFD-678DB42BBF6D}.Release|Any CPU.ActiveCfg = Release|Any CPU
		{A6B575FF-908F-49A8-BDFD-678DB42BBF6D}.Release|Any CPU.Build.0 = Release|Any CPU
		{D94A245F-E5DD-410A-A254-0E3DE881B610}.Debug|Any CPU.ActiveCfg = Debug|Any CPU
		{D94A245F-E5DD-410A-A254-0E3DE881B610}.Debug|Any CPU.Build.0 = Debug|Any CPU
		{D94A245F-E5DD-410A-A254-0E3DE881B610}.Release|Any CPU.ActiveCfg = Release|Any CPU
		{D94A245F-E5DD-410A-A254-0E3DE881B610}.Release|Any CPU.Build.0 = Release|Any CPU
		{B5193EA8-2881-4A09-9F38-CE2BD2609E32}.Debug|Any CPU.ActiveCfg = Debug|Any CPU
		{B5193EA8-2881-4A09-9F38-CE2BD2609E32}.Debug|Any CPU.Build.0 = Debug|Any CPU
		{B5193EA8-2881-4A09-9F38-CE2BD2609E32}.Release|Any CPU.ActiveCfg = Release|Any CPU
		{B5193EA8-2881-4A09-9F38-CE2BD2609E32}.Release|Any CPU.Build.0 = Release|Any CPU
		{25F4FFCC-97E8-4E4D-B5FE-02EE2561176E}.Debug|Any CPU.ActiveCfg = Debug|Any CPU
		{25F4FFCC-97E8-4E4D-B5FE-02EE2561176E}.Debug|Any CPU.Build.0 = Debug|Any CPU
		{25F4FFCC-97E8-4E4D-B5FE-02EE2561176E}.Release|Any CPU.ActiveCfg = Release|Any CPU
		{25F4FFCC-97E8-4E4D-B5FE-02EE2561176E}.Release|Any CPU.Build.0 = Release|Any CPU
		{FEDD86FE-3734-4C47-B21C-320C39578007}.Debug|Any CPU.ActiveCfg = Debug|Any CPU
		{FEDD86FE-3734-4C47-B21C-320C39578007}.Debug|Any CPU.Build.0 = Debug|Any CPU
		{FEDD86FE-3734-4C47-B21C-320C39578007}.Release|Any CPU.ActiveCfg = Release|Any CPU
		{FEDD86FE-3734-4C47-B21C-320C39578007}.Release|Any CPU.Build.0 = Release|Any CPU
		{67360AEC-234C-4F28-97E4-3167403C9FD7}.Debug|Any CPU.ActiveCfg = Debug|Any CPU
		{67360AEC-234C-4F28-97E4-3167403C9FD7}.Debug|Any CPU.Build.0 = Debug|Any CPU
		{67360AEC-234C-4F28-97E4-3167403C9FD7}.Release|Any CPU.ActiveCfg = Release|Any CPU
		{67360AEC-234C-4F28-97E4-3167403C9FD7}.Release|Any CPU.Build.0 = Release|Any CPU
		{BC838F2D-D27F-4601-9915-24960D47DB03}.Debug|Any CPU.ActiveCfg = Debug|Any CPU
		{BC838F2D-D27F-4601-9915-24960D47DB03}.Debug|Any CPU.Build.0 = Debug|Any CPU
		{BC838F2D-D27F-4601-9915-24960D47DB03}.Release|Any CPU.ActiveCfg = Release|Any CPU
		{BC838F2D-D27F-4601-9915-24960D47DB03}.Release|Any CPU.Build.0 = Release|Any CPU
		{EF77EF5D-8480-41B9-9249-F52F3ABF2183}.Debug|Any CPU.ActiveCfg = Debug|Any CPU
		{EF77EF5D-8480-41B9-9249-F52F3ABF2183}.Debug|Any CPU.Build.0 = Debug|Any CPU
		{EF77EF5D-8480-41B9-9249-F52F3ABF2183}.Release|Any CPU.ActiveCfg = Release|Any CPU
		{EF77EF5D-8480-41B9-9249-F52F3ABF2183}.Release|Any CPU.Build.0 = Release|Any CPU
		{E12B7ACC-256B-4397-BAAC-C6B822958989}.Debug|Any CPU.ActiveCfg = Debug|Any CPU
		{E12B7ACC-256B-4397-BAAC-C6B822958989}.Debug|Any CPU.Build.0 = Debug|Any CPU
		{E12B7ACC-256B-4397-BAAC-C6B822958989}.Release|Any CPU.ActiveCfg = Release|Any CPU
		{E12B7ACC-256B-4397-BAAC-C6B822958989}.Release|Any CPU.Build.0 = Release|Any CPU
		{4AC935E1-679B-45A9-A03C-074F46FA7698}.Debug|Any CPU.ActiveCfg = Debug|Any CPU
		{4AC935E1-679B-45A9-A03C-074F46FA7698}.Debug|Any CPU.Build.0 = Debug|Any CPU
		{4AC935E1-679B-45A9-A03C-074F46FA7698}.Release|Any CPU.ActiveCfg = Release|Any CPU
		{4AC935E1-679B-45A9-A03C-074F46FA7698}.Release|Any CPU.Build.0 = Release|Any CPU
		{E9E6119D-04B6-43E0-BF29-5A05CC43BA0D}.Debug|Any CPU.ActiveCfg = Debug|Any CPU
		{E9E6119D-04B6-43E0-BF29-5A05CC43BA0D}.Debug|Any CPU.Build.0 = Debug|Any CPU
		{E9E6119D-04B6-43E0-BF29-5A05CC43BA0D}.Release|Any CPU.ActiveCfg = Release|Any CPU
		{E9E6119D-04B6-43E0-BF29-5A05CC43BA0D}.Release|Any CPU.Build.0 = Release|Any CPU
		{514491A3-537B-419B-9F1A-E7642C448947}.Debug|Any CPU.ActiveCfg = Debug|Any CPU
		{514491A3-537B-419B-9F1A-E7642C448947}.Debug|Any CPU.Build.0 = Debug|Any CPU
		{514491A3-537B-419B-9F1A-E7642C448947}.Release|Any CPU.ActiveCfg = Release|Any CPU
		{514491A3-537B-419B-9F1A-E7642C448947}.Release|Any CPU.Build.0 = Release|Any CPU
		{8578521B-8180-48E4-A4D7-6C6BA40A13F6}.Debug|Any CPU.ActiveCfg = Debug|Any CPU
		{8578521B-8180-48E4-A4D7-6C6BA40A13F6}.Debug|Any CPU.Build.0 = Debug|Any CPU
		{8578521B-8180-48E4-A4D7-6C6BA40A13F6}.Release|Any CPU.ActiveCfg = Release|Any CPU
		{8578521B-8180-48E4-A4D7-6C6BA40A13F6}.Release|Any CPU.Build.0 = Release|Any CPU
	EndGlobalSection
	GlobalSection(SolutionProperties) = preSolution
		HideSolutionNode = FALSE
	EndGlobalSection
	GlobalSection(ExtensibilityGlobals) = postSolution
		SolutionGuid = {BBBBA4D8-413F-4A26-9A91-A54FBC8FA92E}
	EndGlobalSection
EndGlobal
