
Microsoft Visual Studio Solution File, Format Version 12.00
# Visual Studio Version 17
VisualStudioVersion = 17.2.32616.157
MinimumVisualStudioVersion = 10.0.40219.1
Project("{FAE04EC0-301F-11D3-BF4B-00C04F79EFBC}") = "AppLifeCycle.Android", "AppLifeCycle\AppLifeCycle.Android\AppLifeCycle.Android.csproj", "{00F1B80E-A842-4787-B705-1B16DECE0E29}"
EndProject
Project("{FAE04EC0-301F-11D3-BF4B-00C04F79EFBC}") = "AppLifeCycle.iOS", "AppLifeCycle\AppLifeCycle.iOS\AppLifeCycle.iOS.csproj", "{870FE6F6-C6ED-4CCA-9CB9-C5F1C2DC1D70}"
EndProject
Project("{FAE04EC0-301F-11D3-BF4B-00C04F79EFBC}") = "AppLifeCycle", "AppLifeCycle\AppLifeCycle\AppLifeCycle.csproj", "{1870341B-01EF-4565-A216-BD8FACEB6FA7}"
EndProject
Global
	GlobalSection(SolutionConfigurationPlatforms) = preSolution
		Debug|Any CPU = Debug|Any CPU
		Debug|iPhone = Debug|iPhone
		Debug|iPhoneSimulator = Debug|iPhoneSimulator
		Release|Any CPU = Release|Any CPU
		Release|iPhone = Release|iPhone
		Release|iPhoneSimulator = Release|iPhoneSimulator
	EndGlobalSection
	GlobalSection(ProjectConfigurationPlatforms) = postSolution
		{00F1B80E-A842-4787-B705-1B16DECE0E29}.Debug|Any CPU.ActiveCfg = Debug|Any CPU
		{00F1B80E-A842-4787-B705-1B16DECE0E29}.Debug|Any CPU.Build.0 = Debug|Any CPU
		{00F1B80E-A842-4787-B705-1B16DECE0E29}.Debug|Any CPU.Deploy.0 = Debug|Any CPU
		{00F1B80E-A842-4787-B705-1B16DECE0E29}.Debug|iPhone.ActiveCfg = Debug|Any CPU
		{00F1B80E-A842-4787-B705-1B16DECE0E29}.Debug|iPhone.Build.0 = Debug|Any CPU
		{00F1B80E-A842-4787-B705-1B16DECE0E29}.Debug|iPhone.Deploy.0 = Debug|Any CPU
		{00F1B80E-A842-4787-B705-1B16DECE0E29}.Debug|iPhoneSimulator.ActiveCfg = Debug|Any CPU
		{00F1B80E-A842-4787-B705-1B16DECE0E29}.Debug|iPhoneSimulator.Build.0 = Debug|Any CPU
		{00F1B80E-A842-4787-B705-1B16DECE0E29}.Debug|iPhoneSimulator.Deploy.0 = Debug|Any CPU
		{00F1B80E-A842-4787-B705-1B16DECE0E29}.Release|Any CPU.ActiveCfg = Release|Any CPU
		{00F1B80E-A842-4787-B705-1B16DECE0E29}.Release|Any CPU.Build.0 = Release|Any CPU
		{00F1B80E-A842-4787-B705-1B16DECE0E29}.Release|Any CPU.Deploy.0 = Release|Any CPU
		{00F1B80E-A842-4787-B705-1B16DECE0E29}.Release|iPhone.ActiveCfg = Release|Any CPU
		{00F1B80E-A842-4787-B705-1B16DECE0E29}.Release|iPhone.Build.0 = Release|Any CPU
		{00F1B80E-A842-4787-B705-1B16DECE0E29}.Release|iPhone.Deploy.0 = Release|Any CPU
		{00F1B80E-A842-4787-B705-1B16DECE0E29}.Release|iPhoneSimulator.ActiveCfg = Release|Any CPU
		{00F1B80E-A842-4787-B705-1B16DECE0E29}.Release|iPhoneSimulator.Build.0 = Release|Any CPU
		{00F1B80E-A842-4787-B705-1B16DECE0E29}.Release|iPhoneSimulator.Deploy.0 = Release|Any CPU
		{870FE6F6-C6ED-4CCA-9CB9-C5F1C2DC1D70}.Debug|Any CPU.ActiveCfg = Debug|iPhone
		{870FE6F6-C6ED-4CCA-9CB9-C5F1C2DC1D70}.Debug|Any CPU.Build.0 = Debug|iPhone
		{870FE6F6-C6ED-4CCA-9CB9-C5F1C2DC1D70}.Debug|Any CPU.Deploy.0 = Debug|iPhone
		{870FE6F6-C6ED-4CCA-9CB9-C5F1C2DC1D70}.Debug|iPhone.ActiveCfg = Debug|iPhone
		{870FE6F6-C6ED-4CCA-9CB9-C5F1C2DC1D70}.Debug|iPhone.Build.0 = Debug|iPhone
		{870FE6F6-C6ED-4CCA-9CB9-C5F1C2DC1D70}.Debug|iPhone.Deploy.0 = Debug|iPhone
		{870FE6F6-C6ED-4CCA-9CB9-C5F1C2DC1D70}.Debug|iPhoneSimulator.ActiveCfg = Debug|iPhoneSimulator
		{870FE6F6-C6ED-4CCA-9CB9-C5F1C2DC1D70}.Debug|iPhoneSimulator.Build.0 = Debug|iPhoneSimulator
		{870FE6F6-C6ED-4CCA-9CB9-C5F1C2DC1D70}.Debug|iPhoneSimulator.Deploy.0 = Debug|iPhoneSimulator
		{870FE6F6-C6ED-4CCA-9CB9-C5F1C2DC1D70}.Release|Any CPU.ActiveCfg = Release|iPhoneSimulator
		{870FE6F6-C6ED-4CCA-9CB9-C5F1C2DC1D70}.Release|Any CPU.Build.0 = Release|iPhoneSimulator
		{870FE6F6-C6ED-4CCA-9CB9-C5F1C2DC1D70}.Release|Any CPU.Deploy.0 = Release|iPhoneSimulator
		{870FE6F6-C6ED-4CCA-9CB9-C5F1C2DC1D70}.Release|iPhone.ActiveCfg = Release|iPhone
		{870FE6F6-C6ED-4CCA-9CB9-C5F1C2DC1D70}.Release|iPhone.Build.0 = Release|iPhone
		{870FE6F6-C6ED-4CCA-9CB9-C5F1C2DC1D70}.Release|iPhone.Deploy.0 = Release|iPhone
		{870FE6F6-C6ED-4CCA-9CB9-C5F1C2DC1D70}.Release|iPhoneSimulator.ActiveCfg = Release|iPhoneSimulator
		{870FE6F6-C6ED-4CCA-9CB9-C5F1C2DC1D70}.Release|iPhoneSimulator.Build.0 = Release|iPhoneSimulator
		{870FE6F6-C6ED-4CCA-9CB9-C5F1C2DC1D70}.Release|iPhoneSimulator.Deploy.0 = Release|iPhoneSimulator
		{1870341B-01EF-4565-A216-BD8FACEB6FA7}.Debug|Any CPU.ActiveCfg = Debug|Any CPU
		{1870341B-01EF-4565-A216-BD8FACEB6FA7}.Debug|Any CPU.Build.0 = Debug|Any CPU
		{1870341B-01EF-4565-A216-BD8FACEB6FA7}.Debug|Any CPU.Deploy.0 = Debug|Any CPU
		{1870341B-01EF-4565-A216-BD8FACEB6FA7}.Debug|iPhone.ActiveCfg = Debug|Any CPU
		{1870341B-01EF-4565-A216-BD8FACEB6FA7}.Debug|iPhone.Build.0 = Debug|Any CPU
		{1870341B-01EF-4565-A216-BD8FACEB6FA7}.Debug|iPhone.Deploy.0 = Debug|Any CPU
		{1870341B-01EF-4565-A216-BD8FACEB6FA7}.Debug|iPhoneSimulator.ActiveCfg = Debug|Any CPU
		{1870341B-01EF-4565-A216-BD8FACEB6FA7}.Debug|iPhoneSimulator.Build.0 = Debug|Any CPU
		{1870341B-01EF-4565-A216-BD8FACEB6FA7}.Debug|iPhoneSimulator.Deploy.0 = Debug|Any CPU
		{1870341B-01EF-4565-A216-BD8FACEB6FA7}.Release|Any CPU.ActiveCfg = Release|Any CPU
		{1870341B-01EF-4565-A216-BD8FACEB6FA7}.Release|Any CPU.Build.0 = Release|Any CPU
		{1870341B-01EF-4565-A216-BD8FACEB6FA7}.Release|Any CPU.Deploy.0 = Release|Any CPU
		{1870341B-01EF-4565-A216-BD8FACEB6FA7}.Release|iPhone.ActiveCfg = Release|Any CPU
		{1870341B-01EF-4565-A216-BD8FACEB6FA7}.Release|iPhone.Build.0 = Release|Any CPU
		{1870341B-01EF-4565-A216-BD8FACEB6FA7}.Release|iPhone.Deploy.0 = Release|Any CPU
		{1870341B-01EF-4565-A216-BD8FACEB6FA7}.Release|iPhoneSimulator.ActiveCfg = Release|Any CPU
		{1870341B-01EF-4565-A216-BD8FACEB6FA7}.Release|iPhoneSimulator.Build.0 = Release|Any CPU
		{1870341B-01EF-4565-A216-BD8FACEB6FA7}.Release|iPhoneSimulator.Deploy.0 = Release|Any CPU
	EndGlobalSection
	GlobalSection(SolutionProperties) = preSolution
		HideSolutionNode = FALSE
	EndGlobalSection
	GlobalSection(ExtensibilityGlobals) = postSolution
		SolutionGuid = {07962A0D-91EA-4750-A919-06F2E6AE17BC}
	EndGlobalSection
EndGlobal
