
Microsoft Visual Studio Solution File, Format Version 12.00
# Visual Studio Version 17
VisualStudioVersion = 17.2.32616.157
MinimumVisualStudioVersion = 10.0.40219.1
Project("{FAE04EC0-301F-11D3-BF4B-00C04F79EFBC}") = "Tests", "Tests\Tests.csproj", "{AAC4C865-53C7-4ED3-8BB3-04A78954FFFB}"
EndProject
Project("{FAE04EC0-301F-11D3-BF4B-00C04F79EFBC}") = "TestProject1", "TestProject1\TestProject1.csproj", "{4094B53A-DD8B-4BE5-8641-75D1B10455E2}"
EndProject
Global
	GlobalSection(SolutionConfigurationPlatforms) = preSolution
		Debug|Any CPU = Debug|Any CPU
		Release|Any CPU = Release|Any CPU
	EndGlobalSection
	GlobalSection(ProjectConfigurationPlatforms) = postSolution
		{AAC4C865-53C7-4ED3-8BB3-04A78954FFFB}.Debug|Any CPU.ActiveCfg = Debug|Any CPU
		{AAC4C865-53C7-4ED3-8BB3-04A78954FFFB}.Debug|Any CPU.Build.0 = Debug|Any CPU
		{AAC4C865-53C7-4ED3-8BB3-04A78954FFFB}.Release|Any CPU.ActiveCfg = Release|Any CPU
		{AAC4C865-53C7-4ED3-8BB3-04A78954FFFB}.Release|Any CPU.Build.0 = Release|Any CPU
		{4094B53A-DD8B-4BE5-8641-75D1B10455E2}.Debug|Any CPU.ActiveCfg = Debug|Any CPU
		{4094B53A-DD8B-4BE5-8641-75D1B10455E2}.Debug|Any CPU.Build.0 = Debug|Any CPU
		{4094B53A-DD8B-4BE5-8641-75D1B10455E2}.Release|Any CPU.ActiveCfg = Release|Any CPU
		{4094B53A-DD8B-4BE5-8641-75D1B10455E2}.Release|Any CPU.Build.0 = Release|Any CPU
	EndGlobalSection
	GlobalSection(SolutionProperties) = preSolution
		HideSolutionNode = FALSE
	EndGlobalSection
	GlobalSection(ExtensibilityGlobals) = postSolution
		SolutionGuid = {D51FEBA4-32D9-4D16-88D1-145A017B4E81}
	EndGlobalSection
EndGlobal
