
Microsoft Visual Studio Solution File, Format Version 12.00
# Visual Studio Version 17
VisualStudioVersion = 17.2.32616.157
MinimumVisualStudioVersion = 10.0.40219.1
Project("{FAE04EC0-301F-11D3-BF4B-00C04F79EFBC}") = "ChatServer", "ChatServer\ChatServer.csproj", "{88BB516E-D9F8-4218-980E-00DA8FB2BB0D}"
EndProject
Global
	GlobalSection(SolutionConfigurationPlatforms) = preSolution
		Debug|Any CPU = Debug|Any CPU
		Release|Any CPU = Release|Any CPU
	EndGlobalSection
	GlobalSection(ProjectConfigurationPlatforms) = postSolution
		{88BB516E-D9F8-4218-980E-00DA8FB2BB0D}.Debug|Any CPU.ActiveCfg = Debug|Any CPU
		{88BB516E-D9F8-4218-980E-00DA8FB2BB0D}.Debug|Any CPU.Build.0 = Debug|Any CPU
		{88BB516E-D9F8-4218-980E-00DA8FB2BB0D}.Release|Any CPU.ActiveCfg = Release|Any CPU
		{88BB516E-D9F8-4218-980E-00DA8FB2BB0D}.Release|Any CPU.Build.0 = Release|Any CPU
	EndGlobalSection
	GlobalSection(SolutionProperties) = preSolution
		HideSolutionNode = FALSE
	EndGlobalSection
	GlobalSection(ExtensibilityGlobals) = postSolution
		SolutionGuid = {1F9B4C12-6C45-44EF-886A-0DE6DCDFEDFB}
	EndGlobalSection
EndGlobal
