
Microsoft Visual Studio Solution File, Format Version 12.00
# Visual Studio Version 17
VisualStudioVersion = 17.2.32616.157
MinimumVisualStudioVersion = 10.0.40219.1
Project("{FAE04EC0-301F-11D3-BF4B-00C04F79EFBC}") = "Observer", "Observer\Observer.csproj", "{ED848DA3-815D-41F5-BEC2-49521944B708}"
EndProject
Global
	GlobalSection(SolutionConfigurationPlatforms) = preSolution
		Debug|Any CPU = Debug|Any CPU
		Release|Any CPU = Release|Any CPU
	EndGlobalSection
	GlobalSection(ProjectConfigurationPlatforms) = postSolution
		{ED848DA3-815D-41F5-BEC2-49521944B708}.Debug|Any CPU.ActiveCfg = Debug|Any CPU
		{ED848DA3-815D-41F5-BEC2-49521944B708}.Debug|Any CPU.Build.0 = Debug|Any CPU
		{ED848DA3-815D-41F5-BEC2-49521944B708}.Release|Any CPU.ActiveCfg = Release|Any CPU
		{ED848DA3-815D-41F5-BEC2-49521944B708}.Release|Any CPU.Build.0 = Release|Any CPU
	EndGlobalSection
	GlobalSection(SolutionProperties) = preSolution
		HideSolutionNode = FALSE
	EndGlobalSection
	GlobalSection(ExtensibilityGlobals) = postSolution
		SolutionGuid = {38C4ACF4-2DB8-4BF2-B459-4699CB1C1018}
	EndGlobalSection
EndGlobal
