
Microsoft Visual Studio Solution File, Format Version 12.00
# Visual Studio Version 17
VisualStudioVersion = 17.2.32616.157
MinimumVisualStudioVersion = 10.0.40219.1
Project("{9A19103F-16F7-4668-BE54-9A1E7A4F7556}") = "Snippet01", "ConsoleApp1\Snippet01.csproj", "{B691BEA1-96C7-4CAA-928C-851D6EFE0E37}"
EndProject
Project("{FAE04EC0-301F-11D3-BF4B-00C04F79EFBC}") = "Snippet02", "Snippet02\Snippet02.csproj", "{026683A4-4891-400D-ADB4-C1B99007F69E}"
EndProject
Project("{FAE04EC0-301F-11D3-BF4B-00C04F79EFBC}") = "Snippet03", "Snippet03\Snippet03.csproj", "{285DC6C5-4725-4AD1-9B2D-C14FD60EDD12}"
EndProject
Project("{FAE04EC0-301F-11D3-BF4B-00C04F79EFBC}") = "Snippet04", "Snippet04\Snippet04.csproj", "{C2E37219-90AD-4764-9984-4174C9C4BBE7}"
EndProject
Project("{FAE04EC0-301F-11D3-BF4B-00C04F79EFBC}") = "Snippet05", "Snippet05\Snippet05.csproj", "{CEF1011D-A189-4807-A134-405270F56368}"
EndProject
Project("{FAE04EC0-301F-11D3-BF4B-00C04F79EFBC}") = "Snippet06", "Snippet06\Snippet06.csproj", "{FE8117D8-4478-49F0-B8DA-9F488A579289}"
EndProject
Project("{FAE04EC0-301F-11D3-BF4B-00C04F79EFBC}") = "Snippet07", "Snippet07\Snippet07.csproj", "{BE41BBBD-BE17-44B5-AA44-E6BA9EA03D7F}"
EndProject
Project("{FAE04EC0-301F-11D3-BF4B-00C04F79EFBC}") = "Snippet08", "Snippet08\Snippet08.csproj", "{407BB886-AAF2-4C6A-A5A6-0838F99C99B4}"
EndProject
Project("{FAE04EC0-301F-11D3-BF4B-00C04F79EFBC}") = "Snippet09", "Snippet09\Snippet09.csproj", "{C98BBCF9-D171-4901-9D20-27E90CF99019}"
EndProject
Project("{FAE04EC0-301F-11D3-BF4B-00C04F79EFBC}") = "Snippet10", "Snippet10\Snippet10.csproj", "{0E5C9E6A-2D93-44EB-A071-76B073D8429E}"
EndProject
Project("{FAE04EC0-301F-11D3-BF4B-00C04F79EFBC}") = "Snippet11", "Snippet11\Snippet11.csproj", "{A3973620-C33B-4435-A58C-22865E61A27D}"
EndProject
Project("{FAE04EC0-301F-11D3-BF4B-00C04F79EFBC}") = "Snippet12", "Snippet12\Snippet12.csproj", "{800BB19E-0B14-431A-95F7-1618B3B9850C}"
EndProject
Project("{FAE04EC0-301F-11D3-BF4B-00C04F79EFBC}") = "Snippet13", "Snippet13\Snippet13.csproj", "{79D1403A-D361-4237-A6AF-2F54F25B4653}"
EndProject
Project("{FAE04EC0-301F-11D3-BF4B-00C04F79EFBC}") = "Snippet14", "Snippet14\Snippet14.csproj", "{8896E623-F6B5-4675-ADC6-A584FBA85050}"
EndProject
Project("{FAE04EC0-301F-11D3-BF4B-00C04F79EFBC}") = "Snippet15", "Snippet15\Snippet15.csproj", "{CC238D19-2E82-4EC6-829F-EB1F72A59CE7}"
EndProject
Project("{FAE04EC0-301F-11D3-BF4B-00C04F79EFBC}") = "Snippet16", "Snippet16\Snippet16.csproj", "{FC12E8A0-F9B2-41F8-B85F-02F7B243FF0A}"
EndProject
Project("{FAE04EC0-301F-11D3-BF4B-00C04F79EFBC}") = "Snippet17", "Snippet17\Snippet17.csproj", "{C9FE22E0-F596-4154-82D0-CC90DE9A5159}"
EndProject
Project("{FAE04EC0-301F-11D3-BF4B-00C04F79EFBC}") = "Snippet18", "Snippet18\Snippet18.csproj", "{C22F9AB5-AC19-43D4-A5D8-B55926BEBCE4}"
EndProject
Project("{FAE04EC0-301F-11D3-BF4B-00C04F79EFBC}") = "Snippet19", "Snippet19\Snippet19.csproj", "{A1F2D886-40BD-40C0-A1A2-60B88B5F5625}"
EndProject
Project("{FAE04EC0-301F-11D3-BF4B-00C04F79EFBC}") = "Snippet20", "Snippet20\Snippet20.csproj", "{8B576207-9F96-454C-9F77-DA642549846F}"
EndProject
Project("{FAE04EC0-301F-11D3-BF4B-00C04F79EFBC}") = "Snippet21", "Snippet21\Snippet21.csproj", "{1D5B272A-BEA9-4EBC-B87C-293A18F7F931}"
EndProject
Project("{FAE04EC0-301F-11D3-BF4B-00C04F79EFBC}") = "Snippet22", "Snippet22\Snippet22.csproj", "{B8C8DC8F-CD63-4E47-87BA-31D01EAEA879}"
EndProject
Project("{FAE04EC0-301F-11D3-BF4B-00C04F79EFBC}") = "Snippet23", "Snippet23\Snippet23.csproj", "{BD2A80D3-8F61-4F83-A927-0F36AB280733}"
EndProject
Project("{FAE04EC0-301F-11D3-BF4B-00C04F79EFBC}") = "Snippet24", "Snippet24\Snippet24.csproj", "{377A3135-330D-4173-B7F0-248F952FB4D0}"
EndProject
Project("{FAE04EC0-301F-11D3-BF4B-00C04F79EFBC}") = "Snippet25", "Snippet25\Snippet25.csproj", "{CDB94666-8F94-4C69-82E9-D50DB5DB5BBC}"
EndProject
Global
	GlobalSection(SolutionConfigurationPlatforms) = preSolution
		Debug|Any CPU = Debug|Any CPU
		Release|Any CPU = Release|Any CPU
	EndGlobalSection
	GlobalSection(ProjectConfigurationPlatforms) = postSolution
		{B691BEA1-96C7-4CAA-928C-851D6EFE0E37}.Debug|Any CPU.ActiveCfg = Debug|Any CPU
		{B691BEA1-96C7-4CAA-928C-851D6EFE0E37}.Debug|Any CPU.Build.0 = Debug|Any CPU
		{B691BEA1-96C7-4CAA-928C-851D6EFE0E37}.Release|Any CPU.ActiveCfg = Release|Any CPU
		{B691BEA1-96C7-4CAA-928C-851D6EFE0E37}.Release|Any CPU.Build.0 = Release|Any CPU
		{026683A4-4891-400D-ADB4-C1B99007F69E}.Debug|Any CPU.ActiveCfg = Debug|Any CPU
		{026683A4-4891-400D-ADB4-C1B99007F69E}.Debug|Any CPU.Build.0 = Debug|Any CPU
		{026683A4-4891-400D-ADB4-C1B99007F69E}.Release|Any CPU.ActiveCfg = Release|Any CPU
		{026683A4-4891-400D-ADB4-C1B99007F69E}.Release|Any CPU.Build.0 = Release|Any CPU
		{285DC6C5-4725-4AD1-9B2D-C14FD60EDD12}.Debug|Any CPU.ActiveCfg = Debug|Any CPU
		{285DC6C5-4725-4AD1-9B2D-C14FD60EDD12}.Debug|Any CPU.Build.0 = Debug|Any CPU
		{285DC6C5-4725-4AD1-9B2D-C14FD60EDD12}.Release|Any CPU.ActiveCfg = Release|Any CPU
		{285DC6C5-4725-4AD1-9B2D-C14FD60EDD12}.Release|Any CPU.Build.0 = Release|Any CPU
		{C2E37219-90AD-4764-9984-4174C9C4BBE7}.Debug|Any CPU.ActiveCfg = Debug|Any CPU
		{C2E37219-90AD-4764-9984-4174C9C4BBE7}.Debug|Any CPU.Build.0 = Debug|Any CPU
		{C2E37219-90AD-4764-9984-4174C9C4BBE7}.Release|Any CPU.ActiveCfg = Release|Any CPU
		{C2E37219-90AD-4764-9984-4174C9C4BBE7}.Release|Any CPU.Build.0 = Release|Any CPU
		{CEF1011D-A189-4807-A134-405270F56368}.Debug|Any CPU.ActiveCfg = Debug|Any CPU
		{CEF1011D-A189-4807-A134-405270F56368}.Debug|Any CPU.Build.0 = Debug|Any CPU
		{CEF1011D-A189-4807-A134-405270F56368}.Release|Any CPU.ActiveCfg = Release|Any CPU
		{CEF1011D-A189-4807-A134-405270F56368}.Release|Any CPU.Build.0 = Release|Any CPU
		{FE8117D8-4478-49F0-B8DA-9F488A579289}.Debug|Any CPU.ActiveCfg = Debug|Any CPU
		{FE8117D8-4478-49F0-B8DA-9F488A579289}.Debug|Any CPU.Build.0 = Debug|Any CPU
		{FE8117D8-4478-49F0-B8DA-9F488A579289}.Release|Any CPU.ActiveCfg = Release|Any CPU
		{FE8117D8-4478-49F0-B8DA-9F488A579289}.Release|Any CPU.Build.0 = Release|Any CPU
		{BE41BBBD-BE17-44B5-AA44-E6BA9EA03D7F}.Debug|Any CPU.ActiveCfg = Debug|Any CPU
		{BE41BBBD-BE17-44B5-AA44-E6BA9EA03D7F}.Debug|Any CPU.Build.0 = Debug|Any CPU
		{BE41BBBD-BE17-44B5-AA44-E6BA9EA03D7F}.Release|Any CPU.ActiveCfg = Release|Any CPU
		{BE41BBBD-BE17-44B5-AA44-E6BA9EA03D7F}.Release|Any CPU.Build.0 = Release|Any CPU
		{407BB886-AAF2-4C6A-A5A6-0838F99C99B4}.Debug|Any CPU.ActiveCfg = Debug|Any CPU
		{407BB886-AAF2-4C6A-A5A6-0838F99C99B4}.Debug|Any CPU.Build.0 = Debug|Any CPU
		{407BB886-AAF2-4C6A-A5A6-0838F99C99B4}.Release|Any CPU.ActiveCfg = Release|Any CPU
		{407BB886-AAF2-4C6A-A5A6-0838F99C99B4}.Release|Any CPU.Build.0 = Release|Any CPU
		{C98BBCF9-D171-4901-9D20-27E90CF99019}.Debug|Any CPU.ActiveCfg = Debug|Any CPU
		{C98BBCF9-D171-4901-9D20-27E90CF99019}.Debug|Any CPU.Build.0 = Debug|Any CPU
		{C98BBCF9-D171-4901-9D20-27E90CF99019}.Release|Any CPU.ActiveCfg = Release|Any CPU
		{C98BBCF9-D171-4901-9D20-27E90CF99019}.Release|Any CPU.Build.0 = Release|Any CPU
		{0E5C9E6A-2D93-44EB-A071-76B073D8429E}.Debug|Any CPU.ActiveCfg = Debug|Any CPU
		{0E5C9E6A-2D93-44EB-A071-76B073D8429E}.Debug|Any CPU.Build.0 = Debug|Any CPU
		{0E5C9E6A-2D93-44EB-A071-76B073D8429E}.Release|Any CPU.ActiveCfg = Release|Any CPU
		{0E5C9E6A-2D93-44EB-A071-76B073D8429E}.Release|Any CPU.Build.0 = Release|Any CPU
		{A3973620-C33B-4435-A58C-22865E61A27D}.Debug|Any CPU.ActiveCfg = Debug|Any CPU
		{A3973620-C33B-4435-A58C-22865E61A27D}.Debug|Any CPU.Build.0 = Debug|Any CPU
		{A3973620-C33B-4435-A58C-22865E61A27D}.Release|Any CPU.ActiveCfg = Release|Any CPU
		{A3973620-C33B-4435-A58C-22865E61A27D}.Release|Any CPU.Build.0 = Release|Any CPU
		{800BB19E-0B14-431A-95F7-1618B3B9850C}.Debug|Any CPU.ActiveCfg = Debug|Any CPU
		{800BB19E-0B14-431A-95F7-1618B3B9850C}.Debug|Any CPU.Build.0 = Debug|Any CPU
		{800BB19E-0B14-431A-95F7-1618B3B9850C}.Release|Any CPU.ActiveCfg = Release|Any CPU
		{800BB19E-0B14-431A-95F7-1618B3B9850C}.Release|Any CPU.Build.0 = Release|Any CPU
		{79D1403A-D361-4237-A6AF-2F54F25B4653}.Debug|Any CPU.ActiveCfg = Debug|Any CPU
		{79D1403A-D361-4237-A6AF-2F54F25B4653}.Debug|Any CPU.Build.0 = Debug|Any CPU
		{79D1403A-D361-4237-A6AF-2F54F25B4653}.Release|Any CPU.ActiveCfg = Release|Any CPU
		{79D1403A-D361-4237-A6AF-2F54F25B4653}.Release|Any CPU.Build.0 = Release|Any CPU
		{8896E623-F6B5-4675-ADC6-A584FBA85050}.Debug|Any CPU.ActiveCfg = Debug|Any CPU
		{8896E623-F6B5-4675-ADC6-A584FBA85050}.Debug|Any CPU.Build.0 = Debug|Any CPU
		{8896E623-F6B5-4675-ADC6-A584FBA85050}.Release|Any CPU.ActiveCfg = Release|Any CPU
		{8896E623-F6B5-4675-ADC6-A584FBA85050}.Release|Any CPU.Build.0 = Release|Any CPU
		{CC238D19-2E82-4EC6-829F-EB1F72A59CE7}.Debug|Any CPU.ActiveCfg = Debug|Any CPU
		{CC238D19-2E82-4EC6-829F-EB1F72A59CE7}.Debug|Any CPU.Build.0 = Debug|Any CPU
		{CC238D19-2E82-4EC6-829F-EB1F72A59CE7}.Release|Any CPU.ActiveCfg = Release|Any CPU
		{CC238D19-2E82-4EC6-829F-EB1F72A59CE7}.Release|Any CPU.Build.0 = Release|Any CPU
		{FC12E8A0-F9B2-41F8-B85F-02F7B243FF0A}.Debug|Any CPU.ActiveCfg = Debug|Any CPU
		{FC12E8A0-F9B2-41F8-B85F-02F7B243FF0A}.Debug|Any CPU.Build.0 = Debug|Any CPU
		{FC12E8A0-F9B2-41F8-B85F-02F7B243FF0A}.Release|Any CPU.ActiveCfg = Release|Any CPU
		{FC12E8A0-F9B2-41F8-B85F-02F7B243FF0A}.Release|Any CPU.Build.0 = Release|Any CPU
		{C9FE22E0-F596-4154-82D0-CC90DE9A5159}.Debug|Any CPU.ActiveCfg = Debug|Any CPU
		{C9FE22E0-F596-4154-82D0-CC90DE9A5159}.Debug|Any CPU.Build.0 = Debug|Any CPU
		{C9FE22E0-F596-4154-82D0-CC90DE9A5159}.Release|Any CPU.ActiveCfg = Release|Any CPU
		{C9FE22E0-F596-4154-82D0-CC90DE9A5159}.Release|Any CPU.Build.0 = Release|Any CPU
		{C22F9AB5-AC19-43D4-A5D8-B55926BEBCE4}.Debug|Any CPU.ActiveCfg = Debug|Any CPU
		{C22F9AB5-AC19-43D4-A5D8-B55926BEBCE4}.Debug|Any CPU.Build.0 = Debug|Any CPU
		{C22F9AB5-AC19-43D4-A5D8-B55926BEBCE4}.Release|Any CPU.ActiveCfg = Release|Any CPU
		{C22F9AB5-AC19-43D4-A5D8-B55926BEBCE4}.Release|Any CPU.Build.0 = Release|Any CPU
		{A1F2D886-40BD-40C0-A1A2-60B88B5F5625}.Debug|Any CPU.ActiveCfg = Debug|Any CPU
		{A1F2D886-40BD-40C0-A1A2-60B88B5F5625}.Debug|Any CPU.Build.0 = Debug|Any CPU
		{A1F2D886-40BD-40C0-A1A2-60B88B5F5625}.Release|Any CPU.ActiveCfg = Release|Any CPU
		{A1F2D886-40BD-40C0-A1A2-60B88B5F5625}.Release|Any CPU.Build.0 = Release|Any CPU
		{8B576207-9F96-454C-9F77-DA642549846F}.Debug|Any CPU.ActiveCfg = Debug|Any CPU
		{8B576207-9F96-454C-9F77-DA642549846F}.Debug|Any CPU.Build.0 = Debug|Any CPU
		{8B576207-9F96-454C-9F77-DA642549846F}.Release|Any CPU.ActiveCfg = Release|Any CPU
		{8B576207-9F96-454C-9F77-DA642549846F}.Release|Any CPU.Build.0 = Release|Any CPU
		{1D5B272A-BEA9-4EBC-B87C-293A18F7F931}.Debug|Any CPU.ActiveCfg = Debug|Any CPU
		{1D5B272A-BEA9-4EBC-B87C-293A18F7F931}.Debug|Any CPU.Build.0 = Debug|Any CPU
		{1D5B272A-BEA9-4EBC-B87C-293A18F7F931}.Release|Any CPU.ActiveCfg = Release|Any CPU
		{1D5B272A-BEA9-4EBC-B87C-293A18F7F931}.Release|Any CPU.Build.0 = Release|Any CPU
		{B8C8DC8F-CD63-4E47-87BA-31D01EAEA879}.Debug|Any CPU.ActiveCfg = Debug|Any CPU
		{B8C8DC8F-CD63-4E47-87BA-31D01EAEA879}.Debug|Any CPU.Build.0 = Debug|Any CPU
		{B8C8DC8F-CD63-4E47-87BA-31D01EAEA879}.Release|Any CPU.ActiveCfg = Release|Any CPU
		{B8C8DC8F-CD63-4E47-87BA-31D01EAEA879}.Release|Any CPU.Build.0 = Release|Any CPU
		{BD2A80D3-8F61-4F83-A927-0F36AB280733}.Debug|Any CPU.ActiveCfg = Debug|Any CPU
		{BD2A80D3-8F61-4F83-A927-0F36AB280733}.Debug|Any CPU.Build.0 = Debug|Any CPU
		{BD2A80D3-8F61-4F83-A927-0F36AB280733}.Release|Any CPU.ActiveCfg = Release|Any CPU
		{BD2A80D3-8F61-4F83-A927-0F36AB280733}.Release|Any CPU.Build.0 = Release|Any CPU
		{377A3135-330D-4173-B7F0-248F952FB4D0}.Debug|Any CPU.ActiveCfg = Debug|Any CPU
		{377A3135-330D-4173-B7F0-248F952FB4D0}.Debug|Any CPU.Build.0 = Debug|Any CPU
		{377A3135-330D-4173-B7F0-248F952FB4D0}.Release|Any CPU.ActiveCfg = Release|Any CPU
		{377A3135-330D-4173-B7F0-248F952FB4D0}.Release|Any CPU.Build.0 = Release|Any CPU
		{CDB94666-8F94-4C69-82E9-D50DB5DB5BBC}.Debug|Any CPU.ActiveCfg = Debug|Any CPU
		{CDB94666-8F94-4C69-82E9-D50DB5DB5BBC}.Debug|Any CPU.Build.0 = Debug|Any CPU
		{CDB94666-8F94-4C69-82E9-D50DB5DB5BBC}.Release|Any CPU.ActiveCfg = Release|Any CPU
		{CDB94666-8F94-4C69-82E9-D50DB5DB5BBC}.Release|Any CPU.Build.0 = Release|Any CPU
	EndGlobalSection
	GlobalSection(SolutionProperties) = preSolution
		HideSolutionNode = FALSE
	EndGlobalSection
	GlobalSection(ExtensibilityGlobals) = postSolution
		SolutionGuid = {5A8C8F12-65CF-4939-862E-14B720B2474E}
	EndGlobalSection
EndGlobal
